
Microsoft Visual Studio Solution File, Format Version 12.00
# Visual Studio Version 17
VisualStudioVersion = 17.5.002.0
MinimumVisualStudioVersion = 10.0.40219.1
Project("{9A19103F-16F7-4668-BE54-9A1E7A4F7556}") = "TomiTemplate", "TomiTemplate.csproj", "{C4F8C15A-1965-4B3A-B26A-F27662E951EB}"
EndProject
Global
	GlobalSection(SolutionConfigurationPlatforms) = preSolution
		Debug|Any CPU = Debug|Any CPU
		Release|Any CPU = Release|Any CPU
	EndGlobalSection
	GlobalSection(ProjectConfigurationPlatforms) = postSolution
		{C4F8C15A-1965-4B3A-B26A-F27662E951EB}.Debug|Any CPU.ActiveCfg = Debug|Any CPU
		{C4F8C15A-1965-4B3A-B26A-F27662E951EB}.Debug|Any CPU.Build.0 = Debug|Any CPU
		{C4F8C15A-1965-4B3A-B26A-F27662E951EB}.Release|Any CPU.ActiveCfg = Release|Any CPU
		{C4F8C15A-1965-4B3A-B26A-F27662E951EB}.Release|Any CPU.Build.0 = Release|Any CPU
	EndGlobalSection
	GlobalSection(SolutionProperties) = preSolution
		HideSolutionNode = FALSE
	EndGlobalSection
	GlobalSection(ExtensibilityGlobals) = postSolution
		SolutionGuid = {0A3820C6-F4B8-4B83-A122-144536CF06E1}
	EndGlobalSection
EndGlobal
